lockVersion: 2.0.0
id: de81127b-e65c-4970-8911-8f8874953a42
management:
  docChecksum: 8571286cd4dd1d9d09ba99677375f886
  docVersion: v1.0.0
  speakeasyVersion: internal
  generationVersion: 2.275.4
  releaseVersion: 5.1.0
  configChecksum: cbf164db0a341f4c65b5d644b6500485
  repoURL: https://github.com/Leonardo-Interactive/leonardo-python-sdk.git
  repoSubDirectory: .
  installationURL: https://github.com/Leonardo-Interactive/leonardo-python-sdk.git
  published: true
features:
  python:
    constsAndDefaults: 0.1.2
    core: 4.5.0
    devContainers: 2.86.0
    flattening: 2.81.1
    getRequestBodies: 2.81.1
    globalSecurity: 2.83.4
    globalServerURLs: 2.82.1
generatedFiles:
  - src/leonardoaisdk/sdkconfiguration.py
  - src/leonardoaisdk/dataset.py
  - src/leonardoaisdk/element.py
  - src/leonardoaisdk/generation.py
  - src/leonardoaisdk/initimage.py
  - src/leonardoaisdk/user.py
  - src/leonardoaisdk/model.py
  - src/leonardoaisdk/variation.py
  - src/leonardoaisdk/sdk.py
  - pylintrc
  - setup.py
  - src/leonardoaisdk/__init__.py
  - src/leonardoaisdk/utils/__init__.py
  - src/leonardoaisdk/utils/retries.py
  - src/leonardoaisdk/utils/utils.py
  - src/leonardoaisdk/models/errors/sdkerror.py
  - tests/helpers.py
  - src/leonardoaisdk/models/operations/createdataset.py
  - src/leonardoaisdk/models/operations/deletedatasetbyid.py
  - src/leonardoaisdk/models/operations/getdatasetbyid.py
  - src/leonardoaisdk/models/operations/uploaddatasetimage.py
  - src/leonardoaisdk/models/operations/uploaddatasetimagefromgen.py
  - src/leonardoaisdk/models/operations/get_elements.py
  - src/leonardoaisdk/models/operations/creategeneration.py
  - src/leonardoaisdk/models/operations/deletegenerationbyid.py
  - src/leonardoaisdk/models/operations/delete_generations_texture_id_.py
  - src/leonardoaisdk/models/operations/getgenerationbyid.py
  - src/leonardoaisdk/models/operations/getgenerationsbyuserid.py
  - src/leonardoaisdk/models/operations/get_generations_texture_model_modelid_.py
  - src/leonardoaisdk/models/operations/get_generations_texture_id_.py
  - src/leonardoaisdk/models/operations/post_generations_lcm.py
  - src/leonardoaisdk/models/operations/post_generations_motion_svd.py
  - src/leonardoaisdk/models/operations/post_generations_texture.py
  - src/leonardoaisdk/models/operations/post_lcm_inpainting.py
  - src/leonardoaisdk/models/operations/post_lcm_instant_refine.py
  - src/leonardoaisdk/models/operations/post_lcm_upscale.py
  - src/leonardoaisdk/models/operations/deleteinitimagebyid.py
  - src/leonardoaisdk/models/operations/getinitimagebyid.py
  - src/leonardoaisdk/models/operations/uploadinitimage.py
  - src/leonardoaisdk/models/operations/getuserself.py
  - src/leonardoaisdk/models/operations/createmodel.py
  - src/leonardoaisdk/models/operations/deletemodelbyid.py
  - src/leonardoaisdk/models/operations/delete_models_3d_id_.py
  - src/leonardoaisdk/models/operations/getmodelbyid.py
  - src/leonardoaisdk/models/operations/get_models_3d_user_userid_.py
  - src/leonardoaisdk/models/operations/get_models_3d_id_.py
  - src/leonardoaisdk/models/operations/get_platformmodels.py
  - src/leonardoaisdk/models/operations/post_models_3d_upload.py
  - src/leonardoaisdk/models/operations/createvariationnobg.py
  - src/leonardoaisdk/models/operations/createvariationupscale.py
  - src/leonardoaisdk/models/operations/getvariationbyid.py
  - src/leonardoaisdk/models/operations/post_variations_unzoom.py
  - src/leonardoaisdk/models/shared/sd_versions.py
  - src/leonardoaisdk/models/shared/sd_generation_schedulers.py
  - src/leonardoaisdk/models/shared/sd_generation_style.py
  - src/leonardoaisdk/models/shared/element_input.py
  - src/leonardoaisdk/models/shared/controlnet_type.py
  - src/leonardoaisdk/models/shared/job_status.py
  - src/leonardoaisdk/models/shared/variation_type.py
  - src/leonardoaisdk/models/shared/model_asset_texture_types.py
  - src/leonardoaisdk/models/shared/lcm_generation_style.py
  - src/leonardoaisdk/models/shared/strength.py
  - src/leonardoaisdk/models/shared/custom_model_type.py
  - src/leonardoaisdk/models/shared/security.py
  - src/leonardoaisdk/models/__init__.py
  - src/leonardoaisdk/models/errors/__init__.py
  - src/leonardoaisdk/models/operations/__init__.py
  - src/leonardoaisdk/models/shared/__init__.py
  - docs/models/operations/createdatasetrequestbody.md
  - docs/models/operations/datasets.md
  - docs/models/operations/createdatasetresponsebody.md
  - docs/models/operations/createdatasetresponse.md
  - docs/models/operations/deletedatasetbyidrequest.md
  - docs/models/operations/deletedatasetbyiddatasets.md
  - docs/models/operations/deletedatasetbyidresponsebody.md
  - docs/models/operations/deletedatasetbyidresponse.md
  - docs/models/operations/getdatasetbyidrequest.md
  - docs/models/operations/datasetimages.md
  - docs/models/operations/getdatasetbyiddatasets.md
  - docs/models/operations/getdatasetbyidresponsebody.md
  - docs/models/operations/getdatasetbyidresponse.md
  - docs/models/operations/uploaddatasetimagerequestbody.md
  - docs/models/operations/uploaddatasetimagerequest.md
  - docs/models/operations/datasetuploadoutput.md
  - docs/models/operations/uploaddatasetimageresponsebody.md
  - docs/models/operations/uploaddatasetimageresponse.md
  - docs/models/operations/uploaddatasetimagefromgenrequestbody.md
  - docs/models/operations/uploaddatasetimagefromgenrequest.md
  - docs/models/operations/datasetgenuploadoutput.md
  - docs/models/operations/uploaddatasetimagefromgenresponsebody.md
  - docs/models/operations/uploaddatasetimagefromgenresponse.md
  - docs/models/operations/loras.md
  - docs/models/operations/getelementsresponsebody.md
  - docs/models/operations/getelementsresponse.md
  - docs/models/operations/creategenerationrequestbody.md
  - docs/models/operations/sdgenerationoutput.md
  - docs/models/operations/creategenerationresponsebody.md
  - docs/models/operations/creategenerationresponse.md
  - docs/models/operations/deletegenerationbyidrequest.md
  - docs/models/operations/generations.md
  - docs/models/operations/deletegenerationbyidresponsebody.md
  - docs/models/operations/deletegenerationbyidresponse.md
  - docs/models/operations/deletegenerationstextureidrequestbody.md
  - docs/models/operations/deletegenerationstextureidrequest.md
  - docs/models/operations/modelassettexturegenerations.md
  - docs/models/operations/deletegenerationstextureidresponsebody.md
  - docs/models/operations/deletegenerationstextureidresponse.md
  - docs/models/operations/getgenerationbyidrequest.md
  - docs/models/operations/getgenerationbyidgeneratedimagevariationgeneric.md
  - docs/models/operations/generatedimages.md
  - docs/models/operations/getgenerationbyidloras.md
  - docs/models/operations/generationelements.md
  - docs/models/operations/getgenerationbyidgenerations.md
  - docs/models/operations/getgenerationbyidresponsebody.md
  - docs/models/operations/getgenerationbyidresponse.md
  - docs/models/operations/getgenerationsbyuseridrequest.md
  - docs/models/operations/getgenerationsbyuseridgeneratedimagevariationgeneric.md
  - docs/models/operations/getgenerationsbyuseridgeneratedimages.md
  - docs/models/operations/elements.md
  - docs/models/operations/getgenerationsbyuseridgenerationelements.md
  - docs/models/operations/getgenerationsbyuseridgenerations.md
  - docs/models/operations/getgenerationsbyuseridresponsebody.md
  - docs/models/operations/getgenerationsbyuseridresponse.md
  - docs/models/operations/getgenerationstexturemodelmodelidrequestbody.md
  - docs/models/operations/getgenerationstexturemodelmodelidrequest.md
  - docs/models/operations/modelassettextureimages.md
  - docs/models/operations/getgenerationstexturemodelmodelidmodelassettexturegenerations.md
  - docs/models/operations/getgenerationstexturemodelmodelidresponsebody.md
  - docs/models/operations/getgenerationstexturemodelmodelidresponse.md
  - docs/models/operations/getgenerationstextureidrequestbody.md
  - docs/models/operations/getgenerationstextureidrequest.md
  - docs/models/operations/getgenerationstextureidmodelassettextureimages.md
  - docs/models/operations/getgenerationstextureidmodelassettexturegenerations.md
  - docs/models/operations/getgenerationstextureidresponsebody.md
  - docs/models/operations/getgenerationstextureidresponse.md
  - docs/models/operations/postgenerationslcmrequestbody.md
  - docs/models/operations/lcmgenerationoutput.md
  - docs/models/operations/postgenerationslcmresponsebody.md
  - docs/models/operations/postgenerationslcmresponse.md
  - docs/models/operations/postgenerationsmotionsvdrequestbody.md
  - docs/models/operations/motionsvdgenerationoutput.md
  - docs/models/operations/postgenerationsmotionsvdresponsebody.md
  - docs/models/operations/postgenerationsmotionsvdresponse.md
  - docs/models/operations/postgenerationstexturerequestbody.md
  - docs/models/operations/texturegenerationjoboutput.md
  - docs/models/operations/postgenerationstextureresponsebody.md
  - docs/models/operations/postgenerationstextureresponse.md
  - docs/models/operations/postlcminpaintingrequestbody.md
  - docs/models/operations/postlcminpaintinglcmgenerationoutput.md
  - docs/models/operations/postlcminpaintingresponsebody.md
  - docs/models/operations/postlcminpaintingresponse.md
  - docs/models/operations/postlcminstantrefinerequestbody.md
  - docs/models/operations/postlcminstantrefinelcmgenerationoutput.md
  - docs/models/operations/postlcminstantrefineresponsebody.md
  - docs/models/operations/postlcminstantrefineresponse.md
  - docs/models/operations/postlcmupscalerequestbody.md
  - docs/models/operations/postlcmupscalelcmgenerationoutput.md
  - docs/models/operations/postlcmupscaleresponsebody.md
  - docs/models/operations/postlcmupscaleresponse.md
  - docs/models/operations/deleteinitimagebyidrequest.md
  - docs/models/operations/initimages.md
  - docs/models/operations/deleteinitimagebyidresponsebody.md
  - docs/models/operations/deleteinitimagebyidresponse.md
  - docs/models/operations/getinitimagebyidrequest.md
  - docs/models/operations/getinitimagebyidinitimages.md
  - docs/models/operations/getinitimagebyidresponsebody.md
  - docs/models/operations/getinitimagebyidresponse.md
  - docs/models/operations/uploadinitimagerequestbody.md
  - docs/models/operations/initimageuploadoutput.md
  - docs/models/operations/uploadinitimageresponsebody.md
  - docs/models/operations/uploadinitimageresponse.md
  - docs/models/operations/users.md
  - docs/models/operations/userdetails.md
  - docs/models/operations/getuserselfresponsebody.md
  - docs/models/operations/getuserselfresponse.md
  - docs/models/operations/createmodelrequestbody.md
  - docs/models/operations/sdtrainingoutput.md
  - docs/models/operations/createmodelresponsebody.md
  - docs/models/operations/createmodelresponse.md
  - docs/models/operations/deletemodelbyidrequest.md
  - docs/models/operations/custommodels.md
  - docs/models/operations/deletemodelbyidresponsebody.md
  - docs/models/operations/deletemodelbyidresponse.md
  - docs/models/operations/deletemodels3didrequestbody.md
  - docs/models/operations/deletemodels3didrequest.md
  - docs/models/operations/modelassets.md
  - docs/models/operations/deletemodels3didresponsebody.md
  - docs/models/operations/deletemodels3didresponse.md
  - docs/models/operations/getmodelbyidrequest.md
  - docs/models/operations/getmodelbyidcustommodels.md
  - docs/models/operations/getmodelbyidresponsebody.md
  - docs/models/operations/getmodelbyidresponse.md
  - docs/models/operations/getmodels3duseruseridrequestbody.md
  - docs/models/operations/getmodels3duseruseridrequest.md
  - docs/models/operations/getmodels3duseruseridmodelassets.md
  - docs/models/operations/getmodels3duseruseridresponsebody.md
  - docs/models/operations/getmodels3duseruseridresponse.md
  - docs/models/operations/getmodels3didrequestbody.md
  - docs/models/operations/getmodels3didrequest.md
  - docs/models/operations/getmodels3didmodelassets.md
  - docs/models/operations/getmodels3didresponsebody.md
  - docs/models/operations/getmodels3didresponse.md
  - docs/models/operations/getplatformmodelsgeneratedimages.md
  - docs/models/operations/getplatformmodelscustommodels.md
  - docs/models/operations/getplatformmodelsresponsebody.md
  - docs/models/operations/getplatformmodelsresponse.md
  - docs/models/operations/postmodels3duploadrequestbody.md
  - docs/models/operations/modelassetuploadoutput.md
  - docs/models/operations/postmodels3duploadresponsebody.md
  - docs/models/operations/postmodels3duploadresponse.md
  - docs/models/operations/createvariationnobgrequestbody.md
  - docs/models/operations/sdupscalejoboutput.md
  - docs/models/operations/createvariationnobgresponsebody.md
  - docs/models/operations/createvariationnobgresponse.md
  - docs/models/operations/createvariationupscalerequestbody.md
  - docs/models/operations/createvariationupscalesdupscalejoboutput.md
  - docs/models/operations/createvariationupscaleresponsebody.md
  - docs/models/operations/createvariationupscaleresponse.md
  - docs/models/operations/getvariationbyidrequest.md
  - docs/models/operations/generatedimagevariationgeneric.md
  - docs/models/operations/getvariationbyidresponsebody.md
  - docs/models/operations/getvariationbyidresponse.md
  - docs/models/operations/postvariationsunzoomrequestbody.md
  - docs/models/operations/sdunzoomoutput.md
  - docs/models/operations/postvariationsunzoomresponsebody.md
  - docs/models/operations/postvariationsunzoomresponse.md
  - docs/models/shared/sdversions.md
  - docs/models/shared/sdgenerationschedulers.md
  - docs/models/shared/sdgenerationstyle.md
  - docs/models/shared/elementinput.md
  - docs/models/shared/controlnettype.md
  - docs/models/shared/jobstatus.md
  - docs/models/shared/variationtype.md
  - docs/models/shared/modelassettexturetypes.md
  - docs/models/shared/lcmgenerationstyle.md
  - docs/models/shared/strength.md
  - docs/models/shared/custommodeltype.md
  - docs/models/shared/security.md
  - docs/sdks/leonardoaisdk/README.md
  - docs/sdks/dataset/README.md
  - docs/sdks/element/README.md
  - docs/sdks/generation/README.md
  - docs/sdks/initimage/README.md
  - docs/sdks/user/README.md
  - docs/sdks/model/README.md
  - docs/sdks/variation/README.md
  - USAGE.md
  - .gitattributes
  - .devcontainer/README.md
  - .devcontainer/devcontainer.json
  - .devcontainer/setup.sh
  - src/leonardoaisdk/_hooks/sdkhooks.py
  - src/leonardoaisdk/_hooks/types.py
  - src/leonardoaisdk/_hooks/__init__.py
