lockVersion: 2.0.0
id: de81127b-e65c-4970-8911-8f8874953a42
management:
  docChecksum: 50a54ef0adaa363e805da3259d150bd1
  docVersion: v1.0.0
  speakeasyVersion: 1.465.1
  generationVersion: 2.488.4
  releaseVersion: 6.3.2
  configChecksum: b685f9dda9d4d75374203083c2d704f8
  repoURL: https://github.com/Leonardo-Interactive/leonardo-python-sdk.git
  repoSubDirectory: .
  installationURL: https://github.com/Leonardo-Interactive/leonardo-python-sdk.git
  published: true
features:
  python:
    additionalDependencies: 1.0.0
    constsAndDefaults: 1.0.5
    core: 5.7.6
    defaultEnabledRetries: 0.2.0
    deprecations: 3.0.2
    devContainers: 3.0.0
    enumUnions: 0.1.0
    envVarSecurityUsage: 0.3.2
    flattening: 3.1.0
    getRequestBodies: 3.0.0
    globalSecurity: 3.0.2
    globalSecurityCallbacks: 1.0.0
    globalSecurityFlattening: 1.0.0
    globalServerURLs: 3.1.0
    nullables: 1.0.0
    responseFormat: 1.0.1
    retries: 3.0.2
    sdkHooks: 1.0.0
generatedFiles:
  - .devcontainer/README.md
  - .devcontainer/devcontainer.json
  - .devcontainer/setup.sh
  - .gitattributes
  - .python-version
  - .vscode/settings.json
  - CONTRIBUTING.md
  - USAGE.md
  - docs/models/operations/calculateproductionapiservicecost.md
  - docs/models/operations/canvasinitimageuploadoutput.md
  - docs/models/operations/createdatasetrequestbody.md
  - docs/models/operations/createdatasetresponse.md
  - docs/models/operations/createdatasetresponsebody.md
  - docs/models/operations/createelementrequestbody.md
  - docs/models/operations/createelementresponse.md
  - docs/models/operations/createelementresponsebody.md
  - docs/models/operations/creategenerationrequestbody.md
  - docs/models/operations/creategenerationresponse.md
  - docs/models/operations/creategenerationresponsebody.md
  - docs/models/operations/createlcmgenerationrequestbody.md
  - docs/models/operations/createlcmgenerationresponse.md
  - docs/models/operations/createlcmgenerationresponsebody.md
  - docs/models/operations/createmodelrequestbody.md
  - docs/models/operations/createmodelresponse.md
  - docs/models/operations/createmodelresponsebody.md
  - docs/models/operations/createmodelsdtrainingoutput.md
  - docs/models/operations/createmodelsdversions.md
  - docs/models/operations/createsvdmotiongenerationrequestbody.md
  - docs/models/operations/createsvdmotiongenerationresponse.md
  - docs/models/operations/createsvdmotiongenerationresponsebody.md
  - docs/models/operations/createtexturegenerationrequestbody.md
  - docs/models/operations/createtexturegenerationresponse.md
  - docs/models/operations/createtexturegenerationresponsebody.md
  - docs/models/operations/createuniversalupscalerjobrequestbody.md
  - docs/models/operations/createuniversalupscalerjobresponse.md
  - docs/models/operations/createuniversalupscalerjobresponsebody.md
  - docs/models/operations/createvariationnobgrequestbody.md
  - docs/models/operations/createvariationnobgresponse.md
  - docs/models/operations/createvariationnobgresponsebody.md
  - docs/models/operations/createvariationunzoomrequestbody.md
  - docs/models/operations/createvariationunzoomresponse.md
  - docs/models/operations/createvariationunzoomresponsebody.md
  - docs/models/operations/createvariationupscalerequestbody.md
  - docs/models/operations/createvariationupscaleresponse.md
  - docs/models/operations/createvariationupscaleresponsebody.md
  - docs/models/operations/createvariationupscalesdupscalejoboutput.md
  - docs/models/operations/custommodels.md
  - docs/models/operations/datasetgenuploadoutput.md
  - docs/models/operations/datasetimages.md
  - docs/models/operations/datasets.md
  - docs/models/operations/datasetuploadoutput.md
  - docs/models/operations/delete3dmodelbyidrequest.md
  - docs/models/operations/delete3dmodelbyidrequestbody.md
  - docs/models/operations/delete3dmodelbyidresponse.md
  - docs/models/operations/delete3dmodelbyidresponsebody.md
  - docs/models/operations/deletedatasetbyiddatasets.md
  - docs/models/operations/deletedatasetbyidrequest.md
  - docs/models/operations/deletedatasetbyidresponse.md
  - docs/models/operations/deletedatasetbyidresponsebody.md
  - docs/models/operations/deleteelementbyidrequest.md
  - docs/models/operations/deleteelementbyidresponse.md
  - docs/models/operations/deleteelementbyidresponsebody.md
  - docs/models/operations/deletegenerationbyidrequest.md
  - docs/models/operations/deletegenerationbyidresponse.md
  - docs/models/operations/deletegenerationbyidresponsebody.md
  - docs/models/operations/deleteinitimagebyidrequest.md
  - docs/models/operations/deleteinitimagebyidresponse.md
  - docs/models/operations/deleteinitimagebyidresponsebody.md
  - docs/models/operations/deletemodelbyidrequest.md
  - docs/models/operations/deletemodelbyidresponse.md
  - docs/models/operations/deletemodelbyidresponsebody.md
  - docs/models/operations/deletetexturegenerationbyidrequest.md
  - docs/models/operations/deletetexturegenerationbyidrequestbody.md
  - docs/models/operations/deletetexturegenerationbyidresponse.md
  - docs/models/operations/deletetexturegenerationbyidresponsebody.md
  - docs/models/operations/elements.md
  - docs/models/operations/generatedimages.md
  - docs/models/operations/generatedimagevariationgeneric.md
  - docs/models/operations/generationelements.md
  - docs/models/operations/generations.md
  - docs/models/operations/get3dmodelbyidmodelassets.md
  - docs/models/operations/get3dmodelbyidrequest.md
  - docs/models/operations/get3dmodelbyidrequestbody.md
  - docs/models/operations/get3dmodelbyidresponse.md
  - docs/models/operations/get3dmodelbyidresponsebody.md
  - docs/models/operations/get3dmodelsbyuseridmodelassets.md
  - docs/models/operations/get3dmodelsbyuseridrequest.md
  - docs/models/operations/get3dmodelsbyuseridrequestbody.md
  - docs/models/operations/get3dmodelsbyuseridresponse.md
  - docs/models/operations/get3dmodelsbyuseridresponsebody.md
  - docs/models/operations/getcustomelementsbyuseridrequest.md
  - docs/models/operations/getcustomelementsbyuseridresponse.md
  - docs/models/operations/getcustomelementsbyuseridresponsebody.md
  - docs/models/operations/getcustomelementsbyuseriduserloras.md
  - docs/models/operations/getcustommodelsbyuseridcustommodels.md
  - docs/models/operations/getcustommodelsbyuseridrequest.md
  - docs/models/operations/getcustommodelsbyuseridresponse.md
  - docs/models/operations/getcustommodelsbyuseridresponsebody.md
  - docs/models/operations/getdatasetbyiddatasets.md
  - docs/models/operations/getdatasetbyidrequest.md
  - docs/models/operations/getdatasetbyidresponse.md
  - docs/models/operations/getdatasetbyidresponsebody.md
  - docs/models/operations/getelementbyidrequest.md
  - docs/models/operations/getelementbyidresponse.md
  - docs/models/operations/getelementbyidresponsebody.md
  - docs/models/operations/getelementbyiduserloras.md
  - docs/models/operations/getgenerationbyidgeneratedimagevariationgeneric.md
  - docs/models/operations/getgenerationbyidgenerations.md
  - docs/models/operations/getgenerationbyidloras.md
  - docs/models/operations/getgenerationbyidrequest.md
  - docs/models/operations/getgenerationbyidresponse.md
  - docs/models/operations/getgenerationbyidresponsebody.md
  - docs/models/operations/getgenerationsbyuseridgeneratedimages.md
  - docs/models/operations/getgenerationsbyuseridgeneratedimagevariationgeneric.md
  - docs/models/operations/getgenerationsbyuseridgenerationelements.md
  - docs/models/operations/getgenerationsbyuseridgenerations.md
  - docs/models/operations/getgenerationsbyuseridrequest.md
  - docs/models/operations/getgenerationsbyuseridresponse.md
  - docs/models/operations/getgenerationsbyuseridresponsebody.md
  - docs/models/operations/getinitimagebyidinitimages.md
  - docs/models/operations/getinitimagebyidrequest.md
  - docs/models/operations/getinitimagebyidresponse.md
  - docs/models/operations/getinitimagebyidresponsebody.md
  - docs/models/operations/getmodelbyidcustommodels.md
  - docs/models/operations/getmodelbyidrequest.md
  - docs/models/operations/getmodelbyidresponse.md
  - docs/models/operations/getmodelbyidresponsebody.md
  - docs/models/operations/gettexturegenerationbyidmodelassettexturegenerations.md
  - docs/models/operations/gettexturegenerationbyidrequest.md
  - docs/models/operations/gettexturegenerationbyidrequestbody.md
  - docs/models/operations/gettexturegenerationbyidresponse.md
  - docs/models/operations/gettexturegenerationbyidresponsebody.md
  - docs/models/operations/gettexturegenerationsbymodelidmodelassettexturegenerations.md
  - docs/models/operations/gettexturegenerationsbymodelidmodelassettextureimages.md
  - docs/models/operations/gettexturegenerationsbymodelidrequest.md
  - docs/models/operations/gettexturegenerationsbymodelidrequestbody.md
  - docs/models/operations/gettexturegenerationsbymodelidresponse.md
  - docs/models/operations/gettexturegenerationsbymodelidresponsebody.md
  - docs/models/operations/getuserselfresponse.md
  - docs/models/operations/getuserselfresponsebody.md
  - docs/models/operations/getvariationbyidrequest.md
  - docs/models/operations/getvariationbyidresponse.md
  - docs/models/operations/getvariationbyidresponsebody.md
  - docs/models/operations/initimages.md
  - docs/models/operations/initimageuploadoutput.md
  - docs/models/operations/lcmgenerationoutput.md
  - docs/models/operations/listelementsresponse.md
  - docs/models/operations/listelementsresponsebody.md
  - docs/models/operations/listplatformmodelscustommodels.md
  - docs/models/operations/listplatformmodelsgeneratedimages.md
  - docs/models/operations/listplatformmodelsresponse.md
  - docs/models/operations/listplatformmodelsresponsebody.md
  - docs/models/operations/loras.md
  - docs/models/operations/modelassets.md
  - docs/models/operations/modelassettexturegenerations.md
  - docs/models/operations/modelassettextureimages.md
  - docs/models/operations/modelassetuploadoutput.md
  - docs/models/operations/motionsvdgenerationoutput.md
  - docs/models/operations/object.md
  - docs/models/operations/performalchemyupscalelcmlcmgenerationoutput.md
  - docs/models/operations/performalchemyupscalelcmrequestbody.md
  - docs/models/operations/performalchemyupscalelcmresponse.md
  - docs/models/operations/performalchemyupscalelcmresponsebody.md
  - docs/models/operations/performinpaintinglcmlcmgenerationoutput.md
  - docs/models/operations/performinpaintinglcmrequestbody.md
  - docs/models/operations/performinpaintinglcmresponse.md
  - docs/models/operations/performinpaintinglcmresponsebody.md
  - docs/models/operations/performinstantrefinelcmgenerationoutput.md
  - docs/models/operations/performinstantrefinerequestbody.md
  - docs/models/operations/performinstantrefineresponse.md
  - docs/models/operations/performinstantrefineresponsebody.md
  - docs/models/operations/pricingcalculatorobject.md
  - docs/models/operations/pricingcalculatorpricingcalculatorobject.md
  - docs/models/operations/pricingcalculatorpricingcalculatorrequestobject.md
  - docs/models/operations/pricingcalculatorpricingcalculatorrequestrequestbodyobject.md
  - docs/models/operations/pricingcalculatorpricingcalculatorrequestrequestbodyserviceparamsobject.md
  - docs/models/operations/pricingcalculatorpricingcalculatorrequestrequestbodyserviceparamstexturegenerationobject.md
  - docs/models/operations/pricingcalculatorpricingcalculatorrequestrequestbodyserviceparamsuniversalupscalerobject.md
  - docs/models/operations/pricingcalculatorpricingcalculatorrequestrequestbodyserviceparamsuniversalupscalerultraobject.md
  - docs/models/operations/pricingcalculatorrequestbody.md
  - docs/models/operations/pricingcalculatorresponse.md
  - docs/models/operations/pricingcalculatorresponsebody.md
  - docs/models/operations/promptgenerationoutput.md
  - docs/models/operations/promptimproverequestbody.md
  - docs/models/operations/promptimproveresponse.md
  - docs/models/operations/promptimproveresponsebody.md
  - docs/models/operations/promptrandompromptgenerationoutput.md
  - docs/models/operations/promptrandomresponse.md
  - docs/models/operations/promptrandomresponsebody.md
  - docs/models/operations/sdgenerationoutput.md
  - docs/models/operations/sdtrainingoutput.md
  - docs/models/operations/sdunzoomoutput.md
  - docs/models/operations/sdupscalejoboutput.md
  - docs/models/operations/sdversions.md
  - docs/models/operations/texturegenerationjoboutput.md
  - docs/models/operations/transparencytype.md
  - docs/models/operations/universalupscaleroutput.md
  - docs/models/operations/uploadcanvasinitimagerequestbody.md
  - docs/models/operations/uploadcanvasinitimageresponse.md
  - docs/models/operations/uploadcanvasinitimageresponsebody.md
  - docs/models/operations/uploaddatasetimagefromgenrequest.md
  - docs/models/operations/uploaddatasetimagefromgenrequestbody.md
  - docs/models/operations/uploaddatasetimagefromgenresponse.md
  - docs/models/operations/uploaddatasetimagefromgenresponsebody.md
  - docs/models/operations/uploaddatasetimagerequest.md
  - docs/models/operations/uploaddatasetimagerequestbody.md
  - docs/models/operations/uploaddatasetimageresponse.md
  - docs/models/operations/uploaddatasetimageresponsebody.md
  - docs/models/operations/uploadinitimagerequestbody.md
  - docs/models/operations/uploadinitimageresponse.md
  - docs/models/operations/uploadinitimageresponsebody.md
  - docs/models/operations/uploadmodelassetrequestbody.md
  - docs/models/operations/uploadmodelassetresponse.md
  - docs/models/operations/uploadmodelassetresponsebody.md
  - docs/models/operations/userdetails.md
  - docs/models/operations/userloras.md
  - docs/models/operations/users.md
  - docs/models/shared/canvasrequesttype.md
  - docs/models/shared/controlnetinput.md
  - docs/models/shared/controlnettype.md
  - docs/models/shared/custommodeltype.md
  - docs/models/shared/elementinput.md
  - docs/models/shared/initimagetype.md
  - docs/models/shared/jobstatus.md
  - docs/models/shared/lcmgenerationstyle.md
  - docs/models/shared/modelassettexturetypes.md
  - docs/models/shared/pricingcalculatorservices.md
  - docs/models/shared/sdgenerationschedulers.md
  - docs/models/shared/sdgenerationstyle.md
  - docs/models/shared/sdversions.md
  - docs/models/shared/security.md
  - docs/models/shared/strength.md
  - docs/models/shared/strengthtype.md
  - docs/models/shared/universalupscalerstyle.md
  - docs/models/shared/universalupscalerultrastyle.md
  - docs/models/shared/userelementsinput.md
  - docs/models/shared/variationtype.md
  - docs/models/utils/retryconfig.md
  - docs/sdks/dataset/README.md
  - docs/sdks/elements/README.md
  - docs/sdks/image/README.md
  - docs/sdks/initimages/README.md
  - docs/sdks/leonardoaisdk/README.md
  - docs/sdks/models/README.md
  - docs/sdks/motion/README.md
  - docs/sdks/pricingcalculator/README.md
  - docs/sdks/prompt/README.md
  - docs/sdks/realtimecanvas/README.md
  - docs/sdks/texture/README.md
  - docs/sdks/threedmodelassets/README.md
  - docs/sdks/user/README.md
  - docs/sdks/variation/README.md
  - poetry.toml
  - py.typed
  - pylintrc
  - pyproject.toml
  - scripts/prepare-readme.py
  - scripts/publish.sh
  - src/leonardo_ai_sdk/__init__.py
  - src/leonardo_ai_sdk/_hooks/__init__.py
  - src/leonardo_ai_sdk/_hooks/sdkhooks.py
  - src/leonardo_ai_sdk/_hooks/types.py
  - src/leonardo_ai_sdk/_version.py
  - src/leonardo_ai_sdk/basesdk.py
  - src/leonardo_ai_sdk/dataset.py
  - src/leonardo_ai_sdk/elements.py
  - src/leonardo_ai_sdk/httpclient.py
  - src/leonardo_ai_sdk/image.py
  - src/leonardo_ai_sdk/init_images.py
  - src/leonardo_ai_sdk/models/errors/__init__.py
  - src/leonardo_ai_sdk/models/errors/sdkerror.py
  - src/leonardo_ai_sdk/models/operations/__init__.py
  - src/leonardo_ai_sdk/models/operations/createdataset.py
  - src/leonardo_ai_sdk/models/operations/createelement.py
  - src/leonardo_ai_sdk/models/operations/creategeneration.py
  - src/leonardo_ai_sdk/models/operations/createlcmgeneration.py
  - src/leonardo_ai_sdk/models/operations/createmodel.py
  - src/leonardo_ai_sdk/models/operations/createsvdmotiongeneration.py
  - src/leonardo_ai_sdk/models/operations/createtexturegeneration.py
  - src/leonardo_ai_sdk/models/operations/createuniversalupscalerjob.py
  - src/leonardo_ai_sdk/models/operations/createvariationnobg.py
  - src/leonardo_ai_sdk/models/operations/createvariationunzoom.py
  - src/leonardo_ai_sdk/models/operations/createvariationupscale.py
  - src/leonardo_ai_sdk/models/operations/delete3dmodelbyid.py
  - src/leonardo_ai_sdk/models/operations/deletedatasetbyid.py
  - src/leonardo_ai_sdk/models/operations/deleteelementbyid.py
  - src/leonardo_ai_sdk/models/operations/deletegenerationbyid.py
  - src/leonardo_ai_sdk/models/operations/deleteinitimagebyid.py
  - src/leonardo_ai_sdk/models/operations/deletemodelbyid.py
  - src/leonardo_ai_sdk/models/operations/deletetexturegenerationbyid.py
  - src/leonardo_ai_sdk/models/operations/get3dmodelbyid.py
  - src/leonardo_ai_sdk/models/operations/get3dmodelsbyuserid.py
  - src/leonardo_ai_sdk/models/operations/getcustomelementsbyuserid.py
  - src/leonardo_ai_sdk/models/operations/getcustommodelsbyuserid.py
  - src/leonardo_ai_sdk/models/operations/getdatasetbyid.py
  - src/leonardo_ai_sdk/models/operations/getelementbyid.py
  - src/leonardo_ai_sdk/models/operations/getgenerationbyid.py
  - src/leonardo_ai_sdk/models/operations/getgenerationsbyuserid.py
  - src/leonardo_ai_sdk/models/operations/getinitimagebyid.py
  - src/leonardo_ai_sdk/models/operations/getmodelbyid.py
  - src/leonardo_ai_sdk/models/operations/gettexturegenerationbyid.py
  - src/leonardo_ai_sdk/models/operations/gettexturegenerationsbymodelid.py
  - src/leonardo_ai_sdk/models/operations/getuserself.py
  - src/leonardo_ai_sdk/models/operations/getvariationbyid.py
  - src/leonardo_ai_sdk/models/operations/listelements.py
  - src/leonardo_ai_sdk/models/operations/listplatformmodels.py
  - src/leonardo_ai_sdk/models/operations/performalchemyupscalelcm.py
  - src/leonardo_ai_sdk/models/operations/performinpaintinglcm.py
  - src/leonardo_ai_sdk/models/operations/performinstantrefine.py
  - src/leonardo_ai_sdk/models/operations/pricingcalculator.py
  - src/leonardo_ai_sdk/models/operations/promptimprove.py
  - src/leonardo_ai_sdk/models/operations/promptrandom.py
  - src/leonardo_ai_sdk/models/operations/uploadcanvasinitimage.py
  - src/leonardo_ai_sdk/models/operations/uploaddatasetimage.py
  - src/leonardo_ai_sdk/models/operations/uploaddatasetimagefromgen.py
  - src/leonardo_ai_sdk/models/operations/uploadinitimage.py
  - src/leonardo_ai_sdk/models/operations/uploadmodelasset.py
  - src/leonardo_ai_sdk/models/shared/__init__.py
  - src/leonardo_ai_sdk/models/shared/canvasrequesttype.py
  - src/leonardo_ai_sdk/models/shared/controlnet_input.py
  - src/leonardo_ai_sdk/models/shared/controlnet_type.py
  - src/leonardo_ai_sdk/models/shared/custom_model_type.py
  - src/leonardo_ai_sdk/models/shared/element_input.py
  - src/leonardo_ai_sdk/models/shared/job_status.py
  - src/leonardo_ai_sdk/models/shared/lcm_generation_style.py
  - src/leonardo_ai_sdk/models/shared/model_asset_texture_types.py
  - src/leonardo_ai_sdk/models/shared/pricingcalculatorservices.py
  - src/leonardo_ai_sdk/models/shared/sd_generation_schedulers.py
  - src/leonardo_ai_sdk/models/shared/sd_generation_style.py
  - src/leonardo_ai_sdk/models/shared/sd_versions.py
  - src/leonardo_ai_sdk/models/shared/security.py
  - src/leonardo_ai_sdk/models/shared/strength.py
  - src/leonardo_ai_sdk/models/shared/universal_upscaler_style.py
  - src/leonardo_ai_sdk/models/shared/universal_upscaler_ultra_style.py
  - src/leonardo_ai_sdk/models/shared/user_elements_input.py
  - src/leonardo_ai_sdk/models/shared/variation_type.py
  - src/leonardo_ai_sdk/models_.py
  - src/leonardo_ai_sdk/motion.py
  - src/leonardo_ai_sdk/pricing_calculator.py
  - src/leonardo_ai_sdk/prompt.py
  - src/leonardo_ai_sdk/py.typed
  - src/leonardo_ai_sdk/realtime_canvas.py
  - src/leonardo_ai_sdk/sdk.py
  - src/leonardo_ai_sdk/sdkconfiguration.py
  - src/leonardo_ai_sdk/texture.py
  - src/leonardo_ai_sdk/threed_model_assets.py
  - src/leonardo_ai_sdk/types/__init__.py
  - src/leonardo_ai_sdk/types/basemodel.py
  - src/leonardo_ai_sdk/user.py
  - src/leonardo_ai_sdk/utils/__init__.py
  - src/leonardo_ai_sdk/utils/annotations.py
  - src/leonardo_ai_sdk/utils/enums.py
  - src/leonardo_ai_sdk/utils/eventstreaming.py
  - src/leonardo_ai_sdk/utils/forms.py
  - src/leonardo_ai_sdk/utils/headers.py
  - src/leonardo_ai_sdk/utils/logger.py
  - src/leonardo_ai_sdk/utils/metadata.py
  - src/leonardo_ai_sdk/utils/queryparams.py
  - src/leonardo_ai_sdk/utils/requestbodies.py
  - src/leonardo_ai_sdk/utils/retries.py
  - src/leonardo_ai_sdk/utils/security.py
  - src/leonardo_ai_sdk/utils/serializers.py
  - src/leonardo_ai_sdk/utils/url.py
  - src/leonardo_ai_sdk/utils/values.py
  - src/leonardo_ai_sdk/variation.py
examples:
  deleteInitImageById:
    speakeasy-default-delete-init-image-by-id:
      parameters:
        path:
          id: "<id>"
      responses:
        "200":
          application/json: {}
  getInitImageById:
    speakeasy-default-get-init-image-by-id:
      parameters:
        path:
          id: "<id>"
      responses:
        "200":
          application/json: {}
  uploadCanvasInitImage:
    speakeasy-default-upload-canvas-init-image:
      requestBody:
        application/json: {"initExtension": "<value>", "maskExtension": "<value>"}
      responses:
        "200":
          application/json: {}
  uploadInitImage:
    speakeasy-default-upload-init-image:
      requestBody:
        application/json: {"extension": "png"}
      responses:
        "200":
          application/json: {}
  createDataset:
    speakeasy-default-create-dataset:
      requestBody:
        application/json: {"name": "<value>"}
      responses:
        "200":
          application/json: {}
  deleteDatasetById:
    speakeasy-default-delete-dataset-by-id:
      parameters:
        path:
          id: "<id>"
      responses:
        "200":
          application/json: {}
  getDatasetById:
    speakeasy-default-get-dataset-by-id:
      parameters:
        path:
          id: "<id>"
      responses:
        "200":
          application/json: {}
  uploadDatasetImage:
    speakeasy-default-upload-dataset-image:
      parameters:
        path:
          datasetId: "<value>"
      requestBody:
        application/json: {"extension": "mpg4"}
      responses:
        "200":
          application/json: {}
  uploadDatasetImageFromGen:
    speakeasy-default-upload-dataset-image-from-gen:
      parameters:
        path:
          datasetId: "<value>"
      requestBody:
        application/json: {"generatedImageId": "<value>"}
      responses:
        "200":
          application/json: {}
  listElements:
    speakeasy-default-list-elements:
      responses:
        "200":
          application/json: {}
  createGeneration:
    speakeasy-default-create-generation:
      responses:
        "200":
          application/json: {}
  deleteGenerationById:
    speakeasy-default-delete-generation-by-id:
      parameters:
        path:
          id: "<id>"
      responses:
        "200":
          application/json: {}
  getGenerationById:
    speakeasy-default-get-generation-by-id:
      parameters:
        path:
          id: "<id>"
      responses:
        "200":
          application/json: {}
  getGenerationsByUserId:
    speakeasy-default-get-generations-by-user-id:
      parameters:
        path:
          userId: "<value>"
        query: {}
      responses:
        "200":
          application/json: {}
  createLCMGeneration:
    speakeasy-default-create-LCM-generation:
      responses:
        "200":
          application/json: {}
  performAlchemyUpscaleLCM:
    speakeasy-default-perform-alchemy-upscale-LCM:
      responses:
        "200":
          application/json: {}
  performInpaintingLCM:
    speakeasy-default-perform-inpainting-LCM:
      responses:
        "200":
          application/json: {}
  performInstantRefine:
    speakeasy-default-perform-instant-refine:
      responses:
        "200":
          application/json: {}
  createSVDMotionGeneration:
    speakeasy-default-create-SVD-motion-generation:
      responses:
        "200":
          application/json: {}
  createTextureGeneration:
    speakeasy-default-create-texture-generation:
      responses:
        "200":
          application/json: {}
  deleteTextureGenerationById:
    speakeasy-default-delete-texture-generation-by-id:
      parameters:
        path:
          id: "<id>"
      responses:
        "200":
          application/json: {}
  getTextureGenerationById:
    speakeasy-default-get-texture-generation-by-id:
      parameters:
        path:
          id: "<id>"
        query: {}
      responses:
        "200":
          application/json: {}
  getTextureGenerationsByModelId:
    speakeasy-default-get-texture-generations-by-model-id:
      parameters:
        path:
          modelId: "<value>"
        query: {}
      responses:
        "200":
          application/json: {}
  getUserSelf:
    speakeasy-default-get-user-self:
      responses:
        "200":
          application/json: {}
  createModel:
    speakeasy-default-create-model:
      requestBody:
        application/json: {"datasetId": "<value>", "instance_prompt": "<value>", "name": "<value>"}
      responses:
        "200":
          application/json: {}
  deleteModelById:
    speakeasy-default-delete-model-by-id:
      parameters:
        path:
          id: "<id>"
      responses:
        "200":
          application/json: {}
  getModelById:
    speakeasy-default-get-model-by-id:
      parameters:
        path:
          id: "<id>"
      responses:
        "200":
          application/json: {}
  listPlatformModels:
    speakeasy-default-list-platform-models:
      responses:
        "200":
          application/json: {}
  delete3DModelById:
    speakeasy-default-delete3-D-model-by-id:
      parameters:
        path:
          id: "<id>"
      responses:
        "200":
          application/json: {}
  get3DModelById:
    speakeasy-default-get3-D-model-by-id:
      parameters:
        path:
          id: "<id>"
        query: {}
      responses:
        "200":
          application/json: {}
  get3DModelsByUserId:
    speakeasy-default-get3-D-models-by-user-id:
      parameters:
        path:
          userId: "<value>"
        query: {}
      responses:
        "200":
          application/json: {}
  uploadModelAsset:
    speakeasy-default-upload-model-asset:
      responses:
        "200":
          application/json: {}
  pricingCalculator:
    speakeasy-default-pricing-calculator:
      responses:
        "200":
          application/json: {}
  promptImprove:
    speakeasy-default-prompt-improve:
      requestBody:
        application/json: {"prompt": "<value>"}
      responses:
        "200":
          application/json: {}
  promptRandom:
    speakeasy-default-prompt-random:
      responses:
        "200":
          application/json: {}
  CreateUniversalUpscalerJob:
    speakeasy-default-create-universal-upscaler-job:
      responses:
        "200":
          application/json: {}
  createVariationNoBG:
    speakeasy-default-create-variation-no-BG:
      requestBody:
        application/json: {"id": "<id>"}
      responses:
        "200":
          application/json: {}
  createVariationUnzoom:
    speakeasy-default-create-variation-unzoom:
      responses:
        "200":
          application/json: {}
  createVariationUpscale:
    speakeasy-default-create-variation-upscale:
      responses:
        "200":
          application/json: {}
  getVariationById:
    speakeasy-default-get-variation-by-id:
      parameters:
        path:
          id: "<id>"
      responses:
        "200":
          application/json: {}
  createElement:
    speakeasy-default-create-element:
      responses:
        "200":
          application/json: {}
  deleteElementById:
    speakeasy-default-delete-element-by-id:
      parameters:
        path:
          id: 39024
      responses:
        "200":
          application/json: {}
  getElementById:
    speakeasy-default-get-element-by-id:
      parameters:
        path:
          id: 665696
      responses:
        "200":
          application/json: {}
  getCustomElementsByUserId:
    speakeasy-default-get-custom-elements-by-user-id:
      parameters:
        path:
          userId: "<id>"
      responses:
        "200":
          application/json: {}
  getCustomModelsByUserId:
    speakeasy-default-get-custom-models-by-user-id:
      parameters:
        path:
          userId: "<id>"
      responses:
        "200":
          application/json: {}
generatedTests: {}
