speakeasyVersion: 1.468.1
sources:
    my-source:
        sourceNamespace: my-source
        sourceRevisionDigest: sha256:6fb947a99c9a5551c1be96d37d0811e8ece36c6544a4c5a6497e8c9abd0eb640
        sourceBlobDigest: sha256:8d2b5e91ab9d803b939e5f2d3cb35f89a9a3e7a198fef07f9d724dbf8796b519
        tags:
            - latest
            - speakeasy-sdk-regen-1736553673
            - v1.0.0
targets:
    leonardo-python-sdk:
        source: my-source
        sourceNamespace: my-source
        sourceRevisionDigest: sha256:6fb947a99c9a5551c1be96d37d0811e8ece36c6544a4c5a6497e8c9abd0eb640
        sourceBlobDigest: sha256:8d2b5e91ab9d803b939e5f2d3cb35f89a9a3e7a198fef07f9d724dbf8796b519
        codeSamplesNamespace: my-source-python-code-samples
        codeSamplesRevisionDigest: sha256:08c4e14f50448adc759fbeb6fa219c0011fa845944e1adc1f0d03649df1eb003
workflow:
    workflowVersion: 1.0.0
    speakeasyVersion: latest
    sources:
        my-source:
            inputs:
                - location: https://api-docs-nine-delta.vercel.app/cloud/openapi.json
            registry:
                location: registry.speakeasyapi.dev/leonardo-ai/leonardo-ai/my-source
    targets:
        leonardo-python-sdk:
            target: python
            source: my-source
            publish:
                pypi:
                    token: $PYPI_TOKEN
            codeSamples:
                registry:
                    location: registry.speakeasyapi.dev/leonardo-ai/leonardo-ai/my-source-python-code-samples
                blocking: false
