speakeasyVersion: 1.326.0
sources:
    my-source:
        sourceNamespace: my-source
        sourceRevisionDigest: sha256:4febf33ab87162f6f9341cf212e0cdfbc18d8cd0dcdd25554b70d65621810b83
        sourceBlobDigest: sha256:067e3118bc1b6caf3f1561a64dca46464d90ee9b6370932c800cf7e2ad8d9e74
        tags:
            - latest
            - main
targets:
    leonardo-python-sdk:
        source: my-source
        sourceNamespace: my-source
        sourceRevisionDigest: sha256:4febf33ab87162f6f9341cf212e0cdfbc18d8cd0dcdd25554b70d65621810b83
        sourceBlobDigest: sha256:067e3118bc1b6caf3f1561a64dca46464d90ee9b6370932c800cf7e2ad8d9e74
        outLocation: /github/workspace/repo
workflow:
    workflowVersion: 1.0.0
    speakeasyVersion: latest
    sources:
        my-source:
            inputs:
                - location: https://api-docs-nine-delta.vercel.app/cloud/openapi.json
            registry:
                location: registry.speakeasyapi.dev/leonardo-ai/leonardo-ai/my-source
    targets:
        leonardo-python-sdk:
            target: python
            source: my-source
            publish:
                pypi:
                    token: $PYPI_TOKEN
