speakeasyVersion: 1.321.0
sources:
    my-source:
        sourceNamespace: my-source
        sourceRevisionDigest: sha256:390431c6ccc98ba82cae3e880607384739a22fbeea487b03445ba640007772ea
        sourceBlobDigest: sha256:53010d86acd8b42373cbfc768c0ebeb3d124d3d7b1125da30ee88e4fef7aaeda
        tags:
            - latest
            - main
targets:
    leonardo-python-sdk:
        source: my-source
        sourceNamespace: my-source
        sourceRevisionDigest: sha256:390431c6ccc98ba82cae3e880607384739a22fbeea487b03445ba640007772ea
        sourceBlobDigest: sha256:53010d86acd8b42373cbfc768c0ebeb3d124d3d7b1125da30ee88e4fef7aaeda
        outLocation: /github/workspace/repo
workflow:
    workflowVersion: 1.0.0
    speakeasyVersion: latest
    sources:
        my-source:
            inputs:
                - location: https://api-docs-nine-delta.vercel.app/cloud/openapi.json
            registry:
                location: registry.speakeasyapi.dev/leonardo-ai/leonardo-ai/my-source
    targets:
        leonardo-python-sdk:
            target: python
            source: my-source
            publish:
                pypi:
                    token: $PYPI_TOKEN
